
Microsoft Visual Studio Solution File, Format Version 12.00
# Visual Studio Version 17
VisualStudioVersion = 17.2.32630.192
MinimumVisualStudioVersion = 10.0.40219.1
Project("{9A19103F-16F7-4668-BE54-9A1E7A4F7556}") = "Z2Randomizer", "WindowsFormsApplication1\Z2Randomizer.csproj", "{34CEBF26-BA9D-4B1F-83EA-9FA87EDC2328}"
EndProject
Project("{54435603-DBB4-11D2-8724-00A0C9A8B90C}") = "Z2RandomizerSetup", "Setup1\Setup1.vdproj", "{45FE0E64-60F2-47CF-AE93-FD5A41FF8F52}"
EndProject
Project("{9A19103F-16F7-4668-BE54-9A1E7A4F7556}") = "Statistics", "Statistics\Statistics.csproj", "{334033C6-DD36-472D-9062-16A2F4859876}"
	ProjectSection(ProjectDependencies) = postProject
		{34CEBF26-BA9D-4B1F-83EA-9FA87EDC2328} = {34CEBF26-BA9D-4B1F-83EA-9FA87EDC2328}
	EndProjectSection
EndProject
Project("{9A19103F-16F7-4668-BE54-9A1E7A4F7556}") = "Tests", "Tests\Tests.csproj", "{F47E6BD2-DD2F-4207-BB92-BD71AD91D420}"
EndProject
Project("{2150E333-8FDC-42A3-9474-1A3956D46DE8}") = "Solution Items", "Solution Items", "{8D37871B-98E7-480F-99B6-E96BCE4B0FA8}"
EndProject
Global
	GlobalSection(SolutionConfigurationPlatforms) = preSolution
		Debug|Any CPU = Debug|Any CPU
		Release|Any CPU = Release|Any CPU
	EndGlobalSection
	GlobalSection(ProjectConfigurationPlatforms) = postSolution
		{34CEBF26-BA9D-4B1F-83EA-9FA87EDC2328}.Debug|Any CPU.ActiveCfg = Debug|Any CPU
		{34CEBF26-BA9D-4B1F-83EA-9FA87EDC2328}.Debug|Any CPU.Build.0 = Debug|Any CPU
		{34CEBF26-BA9D-4B1F-83EA-9FA87EDC2328}.Release|Any CPU.ActiveCfg = Debug|Any CPU
		{34CEBF26-BA9D-4B1F-83EA-9FA87EDC2328}.Release|Any CPU.Build.0 = Debug|Any CPU
		{45FE0E64-60F2-47CF-AE93-FD5A41FF8F52}.Debug|Any CPU.ActiveCfg = Debug
		{45FE0E64-60F2-47CF-AE93-FD5A41FF8F52}.Debug|Any CPU.Build.0 = Debug
		{45FE0E64-60F2-47CF-AE93-FD5A41FF8F52}.Release|Any CPU.ActiveCfg = Release
		{334033C6-DD36-472D-9062-16A2F4859876}.Debug|Any CPU.ActiveCfg = Debug|Any CPU
		{334033C6-DD36-472D-9062-16A2F4859876}.Debug|Any CPU.Build.0 = Debug|Any CPU
		{334033C6-DD36-472D-9062-16A2F4859876}.Release|Any CPU.ActiveCfg = Debug|Any CPU
		{334033C6-DD36-472D-9062-16A2F4859876}.Release|Any CPU.Build.0 = Debug|Any CPU
		{F47E6BD2-DD2F-4207-BB92-BD71AD91D420}.Debug|Any CPU.ActiveCfg = Debug|Any CPU
		{F47E6BD2-DD2F-4207-BB92-BD71AD91D420}.Debug|Any CPU.Build.0 = Debug|Any CPU
		{F47E6BD2-DD2F-4207-BB92-BD71AD91D420}.Release|Any CPU.ActiveCfg = Release|Any CPU
		{F47E6BD2-DD2F-4207-BB92-BD71AD91D420}.Release|Any CPU.Build.0 = Release|Any CPU
	EndGlobalSection
	GlobalSection(SolutionProperties) = preSolution
		HideSolutionNode = FALSE
	EndGlobalSection
	GlobalSection(ExtensibilityGlobals) = postSolution
		SolutionGuid = {616C4697-FDD1-4AAE-88A7-534332ECF53C}
	EndGlobalSection
EndGlobal
