
Microsoft Visual Studio Solution File, Format Version 12.00
# Visual Studio Version 16
VisualStudioVersion = 16.0.30413.136
MinimumVisualStudioVersion = 10.0.40219.1
Project("{FAE04EC0-301F-11D3-BF4B-00C04F79EFBC}") = "Z2Randomizer", "WindowsFormsApplication1\Z2Randomizer.csproj", "{34CEBF26-BA9D-4B1F-83EA-9FA87EDC2328}"
EndProject
Project("{54435603-DBB4-11D2-8724-00A0C9A8B90C}") = "Z2RandomizerSetup", "Setup1\Setup1.vdproj", "{45FE0E64-60F2-47CF-AE93-FD5A41FF8F52}"
EndProject
Project("{FAE04EC0-301F-11D3-BF4B-00C04F79EFBC}") = "Statistics", "Statistics\Statistics.csproj", "{334033C6-DD36-472D-9062-16A2F4859876}"
	ProjectSection(ProjectDependencies) = postProject
		{34CEBF26-BA9D-4B1F-83EA-9FA87EDC2328} = {34CEBF26-BA9D-4B1F-83EA-9FA87EDC2328}
	EndProjectSection
EndProject
Global
	GlobalSection(SolutionConfigurationPlatforms) = preSolution
		Debug|Any CPU = Debug|Any CPU
		Release|Any CPU = Release|Any CPU
	EndGlobalSection
	GlobalSection(ProjectConfigurationPlatforms) = postSolution
		{34CEBF26-BA9D-4B1F-83EA-9FA87EDC2328}.Debug|Any CPU.ActiveCfg = Debug|Any CPU
		{34CEBF26-BA9D-4B1F-83EA-9FA87EDC2328}.Debug|Any CPU.Build.0 = Debug|Any CPU
		{34CEBF26-BA9D-4B1F-83EA-9FA87EDC2328}.Release|Any CPU.ActiveCfg = Release|Any CPU
		{34CEBF26-BA9D-4B1F-83EA-9FA87EDC2328}.Release|Any CPU.Build.0 = Release|Any CPU
		{45FE0E64-60F2-47CF-AE93-FD5A41FF8F52}.Debug|Any CPU.ActiveCfg = Debug
		{45FE0E64-60F2-47CF-AE93-FD5A41FF8F52}.Debug|Any CPU.Build.0 = Debug
		{45FE0E64-60F2-47CF-AE93-FD5A41FF8F52}.Release|Any CPU.ActiveCfg = Release
		{334033C6-DD36-472D-9062-16A2F4859876}.Debug|Any CPU.ActiveCfg = Debug|Any CPU
		{334033C6-DD36-472D-9062-16A2F4859876}.Debug|Any CPU.Build.0 = Debug|Any CPU
		{334033C6-DD36-472D-9062-16A2F4859876}.Release|Any CPU.ActiveCfg = Release|Any CPU
		{334033C6-DD36-472D-9062-16A2F4859876}.Release|Any CPU.Build.0 = Release|Any CPU
	EndGlobalSection
	GlobalSection(SolutionProperties) = preSolution
		HideSolutionNode = FALSE
	EndGlobalSection
	GlobalSection(ExtensibilityGlobals) = postSolution
		SolutionGuid = {616C4697-FDD1-4AAE-88A7-534332ECF53C}
	EndGlobalSection
EndGlobal
